
Microsoft Visual Studio Solution File, Format Version 12.00
# Visual Studio 15
VisualStudioVersion = 15.0.27703.2000
MinimumVisualStudioVersion = 10.0.40219.1
Project("{FAE04EC0-301F-11D3-BF4B-00C04F79EFBC}") = "IdentityAuth", "IdentityAuth\IdentityAuth.csproj", "{C88BE956-D788-43B8-BDFA-29355057020C}"
EndProject
Global
	GlobalSection(SolutionConfigurationPlatforms) = preSolution
		Debug|Any CPU = Debug|Any CPU
		Release|Any CPU = Release|Any CPU
	EndGlobalSection
	GlobalSection(ProjectConfigurationPlatforms) = postSolution
		{C88BE956-D788-43B8-BDFA-29355057020C}.Debug|Any CPU.ActiveCfg = Debug|Any CPU
		{C88BE956-D788-43B8-BDFA-29355057020C}.Debug|Any CPU.Build.0 = Debug|Any CPU
		{C88BE956-D788-43B8-BDFA-29355057020C}.Release|Any CPU.ActiveCfg = Release|Any CPU
		{C88BE956-D788-43B8-BDFA-29355057020C}.Release|Any CPU.Build.0 = Release|Any CPU
	EndGlobalSection
	GlobalSection(SolutionProperties) = preSolution
		HideSolutionNode = FALSE
	EndGlobalSection
	GlobalSection(ExtensibilityGlobals) = postSolution
		SolutionGuid = {08C78D88-0626-4482-A4C6-67C25CA30B1E}
	EndGlobalSection
EndGlobal
